
Microsoft Visual Studio Solution File, Format Version 12.00
# Visual Studio Version 16
VisualStudioVersion = 16.0.30011.22
MinimumVisualStudioVersion = 10.0.40219.1
Project("{9A19103F-16F7-4668-BE54-9A1E7A4F7556}") = "SharedTypes", "SharedTypes\SharedTypes.csproj", "{8F61DD03-CEB9-440F-B635-D2951F0A91EB}"
EndProject
Project("{9A19103F-16F7-4668-BE54-9A1E7A4F7556}") = "HelperApplication", "HelperApplication\HelperApplication.csproj", "{470B7F6C-2B80-499A-BFAF-0DFAED0DDFF6}"
EndProject
Project("{9A19103F-16F7-4668-BE54-9A1E7A4F7556}") = "Doppler", "Doppler\Doppler\Doppler.csproj", "{492D5A05-F8CD-4685-ACB7-229C44A13FD3}"
EndProject
Project("{FAE04EC0-301F-11D3-BF4B-00C04F79EFBC}") = "Doppler.Android", "Doppler\Doppler.Android\Doppler.Android.csproj", "{90DA117A-FD98-413E-AE64-E481031C7F48}"
EndProject
Project("{FAE04EC0-301F-11D3-BF4B-00C04F79EFBC}") = "Doppler.iOS", "Doppler\Doppler.iOS\Doppler.iOS.csproj", "{9C9460A8-927A-4DCC-AE82-0D2C9AEC89E8}"
EndProject
Project("{9A19103F-16F7-4668-BE54-9A1E7A4F7556}") = "DopplerServer", "DopplerServer\DopplerServer.csproj", "{5D551E08-A6EC-4A9D-9CC9-3A6AB359DC40}"
EndProject
Project("{FAE04EC0-301F-11D3-BF4B-00C04F79EFBC}") = "DopplerREST", "DopplerREST\DopplerREST.csproj", "{FA2A6123-1BA0-42A4-84C8-8DE800F9ADD0}"
EndProject
Global
	GlobalSection(SolutionConfigurationPlatforms) = preSolution
		Debug|Any CPU = Debug|Any CPU
		Debug|ARM = Debug|ARM
		Debug|iPhone = Debug|iPhone
		Debug|iPhoneSimulator = Debug|iPhoneSimulator
		Debug|x64 = Debug|x64
		Debug|x86 = Debug|x86
		Release|Any CPU = Release|Any CPU
		Release|ARM = Release|ARM
		Release|iPhone = Release|iPhone
		Release|iPhoneSimulator = Release|iPhoneSimulator
		Release|x64 = Release|x64
		Release|x86 = Release|x86
	EndGlobalSection
	GlobalSection(ProjectConfigurationPlatforms) = postSolution
		{8F61DD03-CEB9-440F-B635-D2951F0A91EB}.Debug|Any CPU.ActiveCfg = Debug|Any CPU
		{8F61DD03-CEB9-440F-B635-D2951F0A91EB}.Debug|Any CPU.Build.0 = Debug|Any CPU
		{8F61DD03-CEB9-440F-B635-D2951F0A91EB}.Debug|ARM.ActiveCfg = Debug|Any CPU
		{8F61DD03-CEB9-440F-B635-D2951F0A91EB}.Debug|ARM.Build.0 = Debug|Any CPU
		{8F61DD03-CEB9-440F-B635-D2951F0A91EB}.Debug|iPhone.ActiveCfg = Debug|Any CPU
		{8F61DD03-CEB9-440F-B635-D2951F0A91EB}.Debug|iPhone.Build.0 = Debug|Any CPU
		{8F61DD03-CEB9-440F-B635-D2951F0A91EB}.Debug|iPhoneSimulator.ActiveCfg = Debug|Any CPU
		{8F61DD03-CEB9-440F-B635-D2951F0A91EB}.Debug|iPhoneSimulator.Build.0 = Debug|Any CPU
		{8F61DD03-CEB9-440F-B635-D2951F0A91EB}.Debug|x64.ActiveCfg = Debug|Any CPU
		{8F61DD03-CEB9-440F-B635-D2951F0A91EB}.Debug|x64.Build.0 = Debug|Any CPU
		{8F61DD03-CEB9-440F-B635-D2951F0A91EB}.Debug|x86.ActiveCfg = Debug|Any CPU
		{8F61DD03-CEB9-440F-B635-D2951F0A91EB}.Debug|x86.Build.0 = Debug|Any CPU
		{8F61DD03-CEB9-440F-B635-D2951F0A91EB}.Release|Any CPU.ActiveCfg = Release|Any CPU
		{8F61DD03-CEB9-440F-B635-D2951F0A91EB}.Release|Any CPU.Build.0 = Release|Any CPU
		{8F61DD03-CEB9-440F-B635-D2951F0A91EB}.Release|ARM.ActiveCfg = Release|Any CPU
		{8F61DD03-CEB9-440F-B635-D2951F0A91EB}.Release|ARM.Build.0 = Release|Any CPU
		{8F61DD03-CEB9-440F-B635-D2951F0A91EB}.Release|iPhone.ActiveCfg = Release|Any CPU
		{8F61DD03-CEB9-440F-B635-D2951F0A91EB}.Release|iPhone.Build.0 = Release|Any CPU
		{8F61DD03-CEB9-440F-B635-D2951F0A91EB}.Release|iPhoneSimulator.ActiveCfg = Release|Any CPU
		{8F61DD03-CEB9-440F-B635-D2951F0A91EB}.Release|iPhoneSimulator.Build.0 = Release|Any CPU
		{8F61DD03-CEB9-440F-B635-D2951F0A91EB}.Release|x64.ActiveCfg = Release|Any CPU
		{8F61DD03-CEB9-440F-B635-D2951F0A91EB}.Release|x64.Build.0 = Release|Any CPU
		{8F61DD03-CEB9-440F-B635-D2951F0A91EB}.Release|x86.ActiveCfg = Release|Any CPU
		{8F61DD03-CEB9-440F-B635-D2951F0A91EB}.Release|x86.Build.0 = Release|Any CPU
		{470B7F6C-2B80-499A-BFAF-0DFAED0DDFF6}.Debug|Any CPU.ActiveCfg = Debug|Any CPU
		{470B7F6C-2B80-499A-BFAF-0DFAED0DDFF6}.Debug|Any CPU.Build.0 = Debug|Any CPU
		{470B7F6C-2B80-499A-BFAF-0DFAED0DDFF6}.Debug|ARM.ActiveCfg = Debug|Any CPU
		{470B7F6C-2B80-499A-BFAF-0DFAED0DDFF6}.Debug|ARM.Build.0 = Debug|Any CPU
		{470B7F6C-2B80-499A-BFAF-0DFAED0DDFF6}.Debug|iPhone.ActiveCfg = Debug|Any CPU
		{470B7F6C-2B80-499A-BFAF-0DFAED0DDFF6}.Debug|iPhone.Build.0 = Debug|Any CPU
		{470B7F6C-2B80-499A-BFAF-0DFAED0DDFF6}.Debug|iPhoneSimulator.ActiveCfg = Debug|Any CPU
		{470B7F6C-2B80-499A-BFAF-0DFAED0DDFF6}.Debug|iPhoneSimulator.Build.0 = Debug|Any CPU
		{470B7F6C-2B80-499A-BFAF-0DFAED0DDFF6}.Debug|x64.ActiveCfg = Debug|Any CPU
		{470B7F6C-2B80-499A-BFAF-0DFAED0DDFF6}.Debug|x64.Build.0 = Debug|Any CPU
		{470B7F6C-2B80-499A-BFAF-0DFAED0DDFF6}.Debug|x86.ActiveCfg = Debug|Any CPU
		{470B7F6C-2B80-499A-BFAF-0DFAED0DDFF6}.Debug|x86.Build.0 = Debug|Any CPU
		{470B7F6C-2B80-499A-BFAF-0DFAED0DDFF6}.Release|Any CPU.ActiveCfg = Release|Any CPU
		{470B7F6C-2B80-499A-BFAF-0DFAED0DDFF6}.Release|Any CPU.Build.0 = Release|Any CPU
		{470B7F6C-2B80-499A-BFAF-0DFAED0DDFF6}.Release|ARM.ActiveCfg = Release|Any CPU
		{470B7F6C-2B80-499A-BFAF-0DFAED0DDFF6}.Release|ARM.Build.0 = Release|Any CPU
		{470B7F6C-2B80-499A-BFAF-0DFAED0DDFF6}.Release|iPhone.ActiveCfg = Release|Any CPU
		{470B7F6C-2B80-499A-BFAF-0DFAED0DDFF6}.Release|iPhone.Build.0 = Release|Any CPU
		{470B7F6C-2B80-499A-BFAF-0DFAED0DDFF6}.Release|iPhoneSimulator.ActiveCfg = Release|Any CPU
		{470B7F6C-2B80-499A-BFAF-0DFAED0DDFF6}.Release|iPhoneSimulator.Build.0 = Release|Any CPU
		{470B7F6C-2B80-499A-BFAF-0DFAED0DDFF6}.Release|x64.ActiveCfg = Release|Any CPU
		{470B7F6C-2B80-499A-BFAF-0DFAED0DDFF6}.Release|x64.Build.0 = Release|Any CPU
		{470B7F6C-2B80-499A-BFAF-0DFAED0DDFF6}.Release|x86.ActiveCfg = Release|Any CPU
		{470B7F6C-2B80-499A-BFAF-0DFAED0DDFF6}.Release|x86.Build.0 = Release|Any CPU
		{492D5A05-F8CD-4685-ACB7-229C44A13FD3}.Debug|Any CPU.ActiveCfg = Debug|Any CPU
		{492D5A05-F8CD-4685-ACB7-229C44A13FD3}.Debug|Any CPU.Build.0 = Debug|Any CPU
		{492D5A05-F8CD-4685-ACB7-229C44A13FD3}.Debug|ARM.ActiveCfg = Debug|Any CPU
		{492D5A05-F8CD-4685-ACB7-229C44A13FD3}.Debug|ARM.Build.0 = Debug|Any CPU
		{492D5A05-F8CD-4685-ACB7-229C44A13FD3}.Debug|iPhone.ActiveCfg = Debug|Any CPU
		{492D5A05-F8CD-4685-ACB7-229C44A13FD3}.Debug|iPhone.Build.0 = Debug|Any CPU
		{492D5A05-F8CD-4685-ACB7-229C44A13FD3}.Debug|iPhoneSimulator.ActiveCfg = Debug|Any CPU
		{492D5A05-F8CD-4685-ACB7-229C44A13FD3}.Debug|iPhoneSimulator.Build.0 = Debug|Any CPU
		{492D5A05-F8CD-4685-ACB7-229C44A13FD3}.Debug|x64.ActiveCfg = Debug|Any CPU
		{492D5A05-F8CD-4685-ACB7-229C44A13FD3}.Debug|x64.Build.0 = Debug|Any CPU
		{492D5A05-F8CD-4685-ACB7-229C44A13FD3}.Debug|x86.ActiveCfg = Debug|Any CPU
		{492D5A05-F8CD-4685-ACB7-229C44A13FD3}.Debug|x86.Build.0 = Debug|Any CPU
		{492D5A05-F8CD-4685-ACB7-229C44A13FD3}.Release|Any CPU.ActiveCfg = Release|Any CPU
		{492D5A05-F8CD-4685-ACB7-229C44A13FD3}.Release|Any CPU.Build.0 = Release|Any CPU
		{492D5A05-F8CD-4685-ACB7-229C44A13FD3}.Release|ARM.ActiveCfg = Release|Any CPU
		{492D5A05-F8CD-4685-ACB7-229C44A13FD3}.Release|ARM.Build.0 = Release|Any CPU
		{492D5A05-F8CD-4685-ACB7-229C44A13FD3}.Release|iPhone.ActiveCfg = Release|Any CPU
		{492D5A05-F8CD-4685-ACB7-229C44A13FD3}.Release|iPhone.Build.0 = Release|Any CPU
		{492D5A05-F8CD-4685-ACB7-229C44A13FD3}.Release|iPhoneSimulator.ActiveCfg = Release|Any CPU
		{492D5A05-F8CD-4685-ACB7-229C44A13FD3}.Release|iPhoneSimulator.Build.0 = Release|Any CPU
		{492D5A05-F8CD-4685-ACB7-229C44A13FD3}.Release|x64.ActiveCfg = Release|Any CPU
		{492D5A05-F8CD-4685-ACB7-229C44A13FD3}.Release|x64.Build.0 = Release|Any CPU
		{492D5A05-F8CD-4685-ACB7-229C44A13FD3}.Release|x86.ActiveCfg = Release|Any CPU
		{492D5A05-F8CD-4685-ACB7-229C44A13FD3}.Release|x86.Build.0 = Release|Any CPU
		{90DA117A-FD98-413E-AE64-E481031C7F48}.Debug|Any CPU.ActiveCfg = Debug|Any CPU
		{90DA117A-FD98-413E-AE64-E481031C7F48}.Debug|Any CPU.Build.0 = Debug|Any CPU
		{90DA117A-FD98-413E-AE64-E481031C7F48}.Debug|Any CPU.Deploy.0 = Debug|Any CPU
		{90DA117A-FD98-413E-AE64-E481031C7F48}.Debug|ARM.ActiveCfg = Debug|Any CPU
		{90DA117A-FD98-413E-AE64-E481031C7F48}.Debug|ARM.Build.0 = Debug|Any CPU
		{90DA117A-FD98-413E-AE64-E481031C7F48}.Debug|ARM.Deploy.0 = Debug|Any CPU
		{90DA117A-FD98-413E-AE64-E481031C7F48}.Debug|iPhone.ActiveCfg = Debug|Any CPU
		{90DA117A-FD98-413E-AE64-E481031C7F48}.Debug|iPhone.Build.0 = Debug|Any CPU
		{90DA117A-FD98-413E-AE64-E481031C7F48}.Debug|iPhone.Deploy.0 = Debug|Any CPU
		{90DA117A-FD98-413E-AE64-E481031C7F48}.Debug|iPhoneSimulator.ActiveCfg = Debug|Any CPU
		{90DA117A-FD98-413E-AE64-E481031C7F48}.Debug|iPhoneSimulator.Build.0 = Debug|Any CPU
		{90DA117A-FD98-413E-AE64-E481031C7F48}.Debug|iPhoneSimulator.Deploy.0 = Debug|Any CPU
		{90DA117A-FD98-413E-AE64-E481031C7F48}.Debug|x64.ActiveCfg = Debug|Any CPU
		{90DA117A-FD98-413E-AE64-E481031C7F48}.Debug|x64.Build.0 = Debug|Any CPU
		{90DA117A-FD98-413E-AE64-E481031C7F48}.Debug|x64.Deploy.0 = Debug|Any CPU
		{90DA117A-FD98-413E-AE64-E481031C7F48}.Debug|x86.ActiveCfg = Debug|Any CPU
		{90DA117A-FD98-413E-AE64-E481031C7F48}.Debug|x86.Build.0 = Debug|Any CPU
		{90DA117A-FD98-413E-AE64-E481031C7F48}.Debug|x86.Deploy.0 = Debug|Any CPU
		{90DA117A-FD98-413E-AE64-E481031C7F48}.Release|Any CPU.ActiveCfg = Release|Any CPU
		{90DA117A-FD98-413E-AE64-E481031C7F48}.Release|Any CPU.Build.0 = Release|Any CPU
		{90DA117A-FD98-413E-AE64-E481031C7F48}.Release|Any CPU.Deploy.0 = Release|Any CPU
		{90DA117A-FD98-413E-AE64-E481031C7F48}.Release|ARM.ActiveCfg = Release|Any CPU
		{90DA117A-FD98-413E-AE64-E481031C7F48}.Release|ARM.Build.0 = Release|Any CPU
		{90DA117A-FD98-413E-AE64-E481031C7F48}.Release|ARM.Deploy.0 = Release|Any CPU
		{90DA117A-FD98-413E-AE64-E481031C7F48}.Release|iPhone.ActiveCfg = Release|Any CPU
		{90DA117A-FD98-413E-AE64-E481031C7F48}.Release|iPhone.Build.0 = Release|Any CPU
		{90DA117A-FD98-413E-AE64-E481031C7F48}.Release|iPhone.Deploy.0 = Release|Any CPU
		{90DA117A-FD98-413E-AE64-E481031C7F48}.Release|iPhoneSimulator.ActiveCfg = Release|Any CPU
		{90DA117A-FD98-413E-AE64-E481031C7F48}.Release|iPhoneSimulator.Build.0 = Release|Any CPU
		{90DA117A-FD98-413E-AE64-E481031C7F48}.Release|iPhoneSimulator.Deploy.0 = Release|Any CPU
		{90DA117A-FD98-413E-AE64-E481031C7F48}.Release|x64.ActiveCfg = Release|Any CPU
		{90DA117A-FD98-413E-AE64-E481031C7F48}.Release|x64.Build.0 = Release|Any CPU
		{90DA117A-FD98-413E-AE64-E481031C7F48}.Release|x64.Deploy.0 = Release|Any CPU
		{90DA117A-FD98-413E-AE64-E481031C7F48}.Release|x86.ActiveCfg = Release|Any CPU
		{90DA117A-FD98-413E-AE64-E481031C7F48}.Release|x86.Build.0 = Release|Any CPU
		{90DA117A-FD98-413E-AE64-E481031C7F48}.Release|x86.Deploy.0 = Release|Any CPU
		{9C9460A8-927A-4DCC-AE82-0D2C9AEC89E8}.Debug|Any CPU.ActiveCfg = Debug|iPhone
		{9C9460A8-927A-4DCC-AE82-0D2C9AEC89E8}.Debug|ARM.ActiveCfg = Debug|iPhone
		{9C9460A8-927A-4DCC-AE82-0D2C9AEC89E8}.Debug|iPhone.ActiveCfg = Debug|iPhone
		{9C9460A8-927A-4DCC-AE82-0D2C9AEC89E8}.Debug|iPhone.Build.0 = Debug|iPhone
		{9C9460A8-927A-4DCC-AE82-0D2C9AEC89E8}.Debug|iPhoneSimulator.ActiveCfg = Debug|iPhoneSimulator
		{9C9460A8-927A-4DCC-AE82-0D2C9AEC89E8}.Debug|iPhoneSimulator.Build.0 = Debug|iPhoneSimulator
		{9C9460A8-927A-4DCC-AE82-0D2C9AEC89E8}.Debug|x64.ActiveCfg = Debug|iPhone
		{9C9460A8-927A-4DCC-AE82-0D2C9AEC89E8}.Debug|x86.ActiveCfg = Debug|iPhone
		{9C9460A8-927A-4DCC-AE82-0D2C9AEC89E8}.Release|Any CPU.ActiveCfg = Release|iPhone
		{9C9460A8-927A-4DCC-AE82-0D2C9AEC89E8}.Release|ARM.ActiveCfg = Release|iPhone
		{9C9460A8-927A-4DCC-AE82-0D2C9AEC89E8}.Release|iPhone.ActiveCfg = Release|iPhone
		{9C9460A8-927A-4DCC-AE82-0D2C9AEC89E8}.Release|iPhone.Build.0 = Release|iPhone
		{9C9460A8-927A-4DCC-AE82-0D2C9AEC89E8}.Release|iPhoneSimulator.ActiveCfg = Release|iPhoneSimulator
		{9C9460A8-927A-4DCC-AE82-0D2C9AEC89E8}.Release|iPhoneSimulator.Build.0 = Release|iPhoneSimulator
		{9C9460A8-927A-4DCC-AE82-0D2C9AEC89E8}.Release|x64.ActiveCfg = Release|iPhone
		{9C9460A8-927A-4DCC-AE82-0D2C9AEC89E8}.Release|x86.ActiveCfg = Release|iPhone
		{5D551E08-A6EC-4A9D-9CC9-3A6AB359DC40}.Debug|Any CPU.ActiveCfg = Debug|Any CPU
		{5D551E08-A6EC-4A9D-9CC9-3A6AB359DC40}.Debug|Any CPU.Build.0 = Debug|Any CPU
		{5D551E08-A6EC-4A9D-9CC9-3A6AB359DC40}.Debug|ARM.ActiveCfg = Debug|Any CPU
		{5D551E08-A6EC-4A9D-9CC9-3A6AB359DC40}.Debug|ARM.Build.0 = Debug|Any CPU
		{5D551E08-A6EC-4A9D-9CC9-3A6AB359DC40}.Debug|iPhone.ActiveCfg = Debug|Any CPU
		{5D551E08-A6EC-4A9D-9CC9-3A6AB359DC40}.Debug|iPhone.Build.0 = Debug|Any CPU
		{5D551E08-A6EC-4A9D-9CC9-3A6AB359DC40}.Debug|iPhoneSimulator.ActiveCfg = Debug|Any CPU
		{5D551E08-A6EC-4A9D-9CC9-3A6AB359DC40}.Debug|iPhoneSimulator.Build.0 = Debug|Any CPU
		{5D551E08-A6EC-4A9D-9CC9-3A6AB359DC40}.Debug|x64.ActiveCfg = Debug|Any CPU
		{5D551E08-A6EC-4A9D-9CC9-3A6AB359DC40}.Debug|x64.Build.0 = Debug|Any CPU
		{5D551E08-A6EC-4A9D-9CC9-3A6AB359DC40}.Debug|x86.ActiveCfg = Debug|Any CPU
		{5D551E08-A6EC-4A9D-9CC9-3A6AB359DC40}.Debug|x86.Build.0 = Debug|Any CPU
		{5D551E08-A6EC-4A9D-9CC9-3A6AB359DC40}.Release|Any CPU.ActiveCfg = Release|Any CPU
		{5D551E08-A6EC-4A9D-9CC9-3A6AB359DC40}.Release|Any CPU.Build.0 = Release|Any CPU
		{5D551E08-A6EC-4A9D-9CC9-3A6AB359DC40}.Release|ARM.ActiveCfg = Release|Any CPU
		{5D551E08-A6EC-4A9D-9CC9-3A6AB359DC40}.Release|ARM.Build.0 = Release|Any CPU
		{5D551E08-A6EC-4A9D-9CC9-3A6AB359DC40}.Release|iPhone.ActiveCfg = Release|Any CPU
		{5D551E08-A6EC-4A9D-9CC9-3A6AB359DC40}.Release|iPhone.Build.0 = Release|Any CPU
		{5D551E08-A6EC-4A9D-9CC9-3A6AB359DC40}.Release|iPhoneSimulator.ActiveCfg = Release|Any CPU
		{5D551E08-A6EC-4A9D-9CC9-3A6AB359DC40}.Release|iPhoneSimulator.Build.0 = Release|Any CPU
		{5D551E08-A6EC-4A9D-9CC9-3A6AB359DC40}.Release|x64.ActiveCfg = Release|Any CPU
		{5D551E08-A6EC-4A9D-9CC9-3A6AB359DC40}.Release|x64.Build.0 = Release|Any CPU
		{5D551E08-A6EC-4A9D-9CC9-3A6AB359DC40}.Release|x86.ActiveCfg = Release|Any CPU
		{5D551E08-A6EC-4A9D-9CC9-3A6AB359DC40}.Release|x86.Build.0 = Release|Any CPU
		{FA2A6123-1BA0-42A4-84C8-8DE800F9ADD0}.Debug|Any CPU.ActiveCfg = Debug|Any CPU
		{FA2A6123-1BA0-42A4-84C8-8DE800F9ADD0}.Debug|Any CPU.Build.0 = Debug|Any CPU
		{FA2A6123-1BA0-42A4-84C8-8DE800F9ADD0}.Debug|ARM.ActiveCfg = Debug|Any CPU
		{FA2A6123-1BA0-42A4-84C8-8DE800F9ADD0}.Debug|ARM.Build.0 = Debug|Any CPU
		{FA2A6123-1BA0-42A4-84C8-8DE800F9ADD0}.Debug|iPhone.ActiveCfg = Debug|Any CPU
		{FA2A6123-1BA0-42A4-84C8-8DE800F9ADD0}.Debug|iPhone.Build.0 = Debug|Any CPU
		{FA2A6123-1BA0-42A4-84C8-8DE800F9ADD0}.Debug|iPhoneSimulator.ActiveCfg = Debug|Any CPU
		{FA2A6123-1BA0-42A4-84C8-8DE800F9ADD0}.Debug|iPhoneSimulator.Build.0 = Debug|Any CPU
		{FA2A6123-1BA0-42A4-84C8-8DE800F9ADD0}.Debug|x64.ActiveCfg = Debug|Any CPU
		{FA2A6123-1BA0-42A4-84C8-8DE800F9ADD0}.Debug|x64.Build.0 = Debug|Any CPU
		{FA2A6123-1BA0-42A4-84C8-8DE800F9ADD0}.Debug|x86.ActiveCfg = Debug|Any CPU
		{FA2A6123-1BA0-42A4-84C8-8DE800F9ADD0}.Debug|x86.Build.0 = Debug|Any CPU
		{FA2A6123-1BA0-42A4-84C8-8DE800F9ADD0}.Release|Any CPU.ActiveCfg = Release|Any CPU
		{FA2A6123-1BA0-42A4-84C8-8DE800F9ADD0}.Release|Any CPU.Build.0 = Release|Any CPU
		{FA2A6123-1BA0-42A4-84C8-8DE800F9ADD0}.Release|ARM.ActiveCfg = Release|Any CPU
		{FA2A6123-1BA0-42A4-84C8-8DE800F9ADD0}.Release|ARM.Build.0 = Release|Any CPU
		{FA2A6123-1BA0-42A4-84C8-8DE800F9ADD0}.Release|iPhone.ActiveCfg = Release|Any CPU
		{FA2A6123-1BA0-42A4-84C8-8DE800F9ADD0}.Release|iPhone.Build.0 = Release|Any CPU
		{FA2A6123-1BA0-42A4-84C8-8DE800F9ADD0}.Release|iPhoneSimulator.ActiveCfg = Release|Any CPU
		{FA2A6123-1BA0-42A4-84C8-8DE800F9ADD0}.Release|iPhoneSimulator.Build.0 = Release|Any CPU
		{FA2A6123-1BA0-42A4-84C8-8DE800F9ADD0}.Release|x64.ActiveCfg = Release|Any CPU
		{FA2A6123-1BA0-42A4-84C8-8DE800F9ADD0}.Release|x64.Build.0 = Release|Any CPU
		{FA2A6123-1BA0-42A4-84C8-8DE800F9ADD0}.Release|x86.ActiveCfg = Release|Any CPU
		{FA2A6123-1BA0-42A4-84C8-8DE800F9ADD0}.Release|x86.Build.0 = Release|Any CPU
	EndGlobalSection
	GlobalSection(SolutionProperties) = preSolution
		HideSolutionNode = FALSE
	EndGlobalSection
	GlobalSection(ExtensibilityGlobals) = postSolution
		SolutionGuid = {1E9753F2-4A27-4D8D-ADBB-81078237BC70}
	EndGlobalSection
EndGlobal
