
Microsoft Visual Studio Solution File, Format Version 12.00
# Visual Studio Version 16
VisualStudioVersion = 16.0.30804.86
MinimumVisualStudioVersion = 10.0.40219.1
Project("{9A19103F-16F7-4668-BE54-9A1E7A4F7556}") = "Doppler.API", "Doppler.API\Doppler.API.csproj", "{5D520AC3-8115-42B9-B9E6-0A64A4B6162B}"
EndProject
Project("{9A19103F-16F7-4668-BE54-9A1E7A4F7556}") = "Doppler.REST", "Doppler.REST\Doppler.REST.csproj", "{676A1659-9972-43F2-B415-77F05ADDA945}"
EndProject
Global
	GlobalSection(SolutionConfigurationPlatforms) = preSolution
		Debug|Any CPU = Debug|Any CPU
		Release|Any CPU = Release|Any CPU
	EndGlobalSection
	GlobalSection(ProjectConfigurationPlatforms) = postSolution
		{5D520AC3-8115-42B9-B9E6-0A64A4B6162B}.Debug|Any CPU.ActiveCfg = Debug|Any CPU
		{5D520AC3-8115-42B9-B9E6-0A64A4B6162B}.Debug|Any CPU.Build.0 = Debug|Any CPU
		{5D520AC3-8115-42B9-B9E6-0A64A4B6162B}.Release|Any CPU.ActiveCfg = Release|Any CPU
		{5D520AC3-8115-42B9-B9E6-0A64A4B6162B}.Release|Any CPU.Build.0 = Release|Any CPU
		{676A1659-9972-43F2-B415-77F05ADDA945}.Debug|Any CPU.ActiveCfg = Debug|Any CPU
		{676A1659-9972-43F2-B415-77F05ADDA945}.Debug|Any CPU.Build.0 = Debug|Any CPU
		{676A1659-9972-43F2-B415-77F05ADDA945}.Release|Any CPU.ActiveCfg = Release|Any CPU
		{676A1659-9972-43F2-B415-77F05ADDA945}.Release|Any CPU.Build.0 = Release|Any CPU
	EndGlobalSection
	GlobalSection(SolutionProperties) = preSolution
		HideSolutionNode = FALSE
	EndGlobalSection
	GlobalSection(ExtensibilityGlobals) = postSolution
		SolutionGuid = {CC0505FA-F8A5-4440-B774-F1FA94551878}
	EndGlobalSection
EndGlobal
