
Microsoft Visual Studio Solution File, Format Version 12.00
# Visual Studio Version 16
VisualStudioVersion = 16.0.30804.86
MinimumVisualStudioVersion = 10.0.40219.1
Project("{9A19103F-16F7-4668-BE54-9A1E7A4F7556}") = "Doppler.API", "Doppler.API\Doppler.API.csproj", "{5D520AC3-8115-42B9-B9E6-0A64A4B6162B}"
EndProject
Project("{9A19103F-16F7-4668-BE54-9A1E7A4F7556}") = "Doppler.REST", "Doppler.REST\Doppler.REST.csproj", "{676A1659-9972-43F2-B415-77F05ADDA945}"
EndProject
Project("{9A19103F-16F7-4668-BE54-9A1E7A4F7556}") = "Doppler.Tests", "Doppler.Tests\Doppler.Tests.csproj", "{0F1C80E6-11DB-4814-9F8D-9AA74BA2DE03}"
EndProject
Project("{FAE04EC0-301F-11D3-BF4B-00C04F79EFBC}") = "Doppler.Android", "Doppler\Doppler.Android\Doppler.Android.csproj", "{57B7D2FC-93E0-4D4E-8DE6-CA44317A62C8}"
EndProject
Project("{FAE04EC0-301F-11D3-BF4B-00C04F79EFBC}") = "Doppler.iOS", "Doppler\Doppler.iOS\Doppler.iOS.csproj", "{D95B203C-C6A9-4054-84DB-565B4892B0F1}"
EndProject
Project("{FAE04EC0-301F-11D3-BF4B-00C04F79EFBC}") = "Doppler", "Doppler\Doppler\Doppler.csproj", "{B86A1452-C3A0-4AE2-B282-660A35A1029F}"
EndProject
Global
	GlobalSection(SolutionConfigurationPlatforms) = preSolution
		Debug|Any CPU = Debug|Any CPU
		Debug|ARM = Debug|ARM
		Debug|iPhone = Debug|iPhone
		Debug|iPhoneSimulator = Debug|iPhoneSimulator
		Debug|x64 = Debug|x64
		Debug|x86 = Debug|x86
		Release|Any CPU = Release|Any CPU
		Release|ARM = Release|ARM
		Release|iPhone = Release|iPhone
		Release|iPhoneSimulator = Release|iPhoneSimulator
		Release|x64 = Release|x64
		Release|x86 = Release|x86
	EndGlobalSection
	GlobalSection(ProjectConfigurationPlatforms) = postSolution
		{5D520AC3-8115-42B9-B9E6-0A64A4B6162B}.Debug|Any CPU.ActiveCfg = Debug|Any CPU
		{5D520AC3-8115-42B9-B9E6-0A64A4B6162B}.Debug|Any CPU.Build.0 = Debug|Any CPU
		{5D520AC3-8115-42B9-B9E6-0A64A4B6162B}.Debug|ARM.ActiveCfg = Debug|Any CPU
		{5D520AC3-8115-42B9-B9E6-0A64A4B6162B}.Debug|ARM.Build.0 = Debug|Any CPU
		{5D520AC3-8115-42B9-B9E6-0A64A4B6162B}.Debug|iPhone.ActiveCfg = Debug|Any CPU
		{5D520AC3-8115-42B9-B9E6-0A64A4B6162B}.Debug|iPhone.Build.0 = Debug|Any CPU
		{5D520AC3-8115-42B9-B9E6-0A64A4B6162B}.Debug|iPhoneSimulator.ActiveCfg = Debug|Any CPU
		{5D520AC3-8115-42B9-B9E6-0A64A4B6162B}.Debug|iPhoneSimulator.Build.0 = Debug|Any CPU
		{5D520AC3-8115-42B9-B9E6-0A64A4B6162B}.Debug|x64.ActiveCfg = Debug|Any CPU
		{5D520AC3-8115-42B9-B9E6-0A64A4B6162B}.Debug|x64.Build.0 = Debug|Any CPU
		{5D520AC3-8115-42B9-B9E6-0A64A4B6162B}.Debug|x86.ActiveCfg = Debug|Any CPU
		{5D520AC3-8115-42B9-B9E6-0A64A4B6162B}.Debug|x86.Build.0 = Debug|Any CPU
		{5D520AC3-8115-42B9-B9E6-0A64A4B6162B}.Release|Any CPU.ActiveCfg = Release|Any CPU
		{5D520AC3-8115-42B9-B9E6-0A64A4B6162B}.Release|Any CPU.Build.0 = Release|Any CPU
		{5D520AC3-8115-42B9-B9E6-0A64A4B6162B}.Release|ARM.ActiveCfg = Release|Any CPU
		{5D520AC3-8115-42B9-B9E6-0A64A4B6162B}.Release|ARM.Build.0 = Release|Any CPU
		{5D520AC3-8115-42B9-B9E6-0A64A4B6162B}.Release|iPhone.ActiveCfg = Release|Any CPU
		{5D520AC3-8115-42B9-B9E6-0A64A4B6162B}.Release|iPhone.Build.0 = Release|Any CPU
		{5D520AC3-8115-42B9-B9E6-0A64A4B6162B}.Release|iPhoneSimulator.ActiveCfg = Release|Any CPU
		{5D520AC3-8115-42B9-B9E6-0A64A4B6162B}.Release|iPhoneSimulator.Build.0 = Release|Any CPU
		{5D520AC3-8115-42B9-B9E6-0A64A4B6162B}.Release|x64.ActiveCfg = Release|Any CPU
		{5D520AC3-8115-42B9-B9E6-0A64A4B6162B}.Release|x64.Build.0 = Release|Any CPU
		{5D520AC3-8115-42B9-B9E6-0A64A4B6162B}.Release|x86.ActiveCfg = Release|Any CPU
		{5D520AC3-8115-42B9-B9E6-0A64A4B6162B}.Release|x86.Build.0 = Release|Any CPU
		{676A1659-9972-43F2-B415-77F05ADDA945}.Debug|Any CPU.ActiveCfg = Debug|Any CPU
		{676A1659-9972-43F2-B415-77F05ADDA945}.Debug|Any CPU.Build.0 = Debug|Any CPU
		{676A1659-9972-43F2-B415-77F05ADDA945}.Debug|ARM.ActiveCfg = Debug|Any CPU
		{676A1659-9972-43F2-B415-77F05ADDA945}.Debug|ARM.Build.0 = Debug|Any CPU
		{676A1659-9972-43F2-B415-77F05ADDA945}.Debug|iPhone.ActiveCfg = Debug|Any CPU
		{676A1659-9972-43F2-B415-77F05ADDA945}.Debug|iPhone.Build.0 = Debug|Any CPU
		{676A1659-9972-43F2-B415-77F05ADDA945}.Debug|iPhoneSimulator.ActiveCfg = Debug|Any CPU
		{676A1659-9972-43F2-B415-77F05ADDA945}.Debug|iPhoneSimulator.Build.0 = Debug|Any CPU
		{676A1659-9972-43F2-B415-77F05ADDA945}.Debug|x64.ActiveCfg = Debug|Any CPU
		{676A1659-9972-43F2-B415-77F05ADDA945}.Debug|x64.Build.0 = Debug|Any CPU
		{676A1659-9972-43F2-B415-77F05ADDA945}.Debug|x86.ActiveCfg = Debug|Any CPU
		{676A1659-9972-43F2-B415-77F05ADDA945}.Debug|x86.Build.0 = Debug|Any CPU
		{676A1659-9972-43F2-B415-77F05ADDA945}.Release|Any CPU.ActiveCfg = Release|Any CPU
		{676A1659-9972-43F2-B415-77F05ADDA945}.Release|Any CPU.Build.0 = Release|Any CPU
		{676A1659-9972-43F2-B415-77F05ADDA945}.Release|ARM.ActiveCfg = Release|Any CPU
		{676A1659-9972-43F2-B415-77F05ADDA945}.Release|ARM.Build.0 = Release|Any CPU
		{676A1659-9972-43F2-B415-77F05ADDA945}.Release|iPhone.ActiveCfg = Release|Any CPU
		{676A1659-9972-43F2-B415-77F05ADDA945}.Release|iPhone.Build.0 = Release|Any CPU
		{676A1659-9972-43F2-B415-77F05ADDA945}.Release|iPhoneSimulator.ActiveCfg = Release|Any CPU
		{676A1659-9972-43F2-B415-77F05ADDA945}.Release|iPhoneSimulator.Build.0 = Release|Any CPU
		{676A1659-9972-43F2-B415-77F05ADDA945}.Release|x64.ActiveCfg = Release|Any CPU
		{676A1659-9972-43F2-B415-77F05ADDA945}.Release|x64.Build.0 = Release|Any CPU
		{676A1659-9972-43F2-B415-77F05ADDA945}.Release|x86.ActiveCfg = Release|Any CPU
		{676A1659-9972-43F2-B415-77F05ADDA945}.Release|x86.Build.0 = Release|Any CPU
		{0F1C80E6-11DB-4814-9F8D-9AA74BA2DE03}.Debug|Any CPU.ActiveCfg = Debug|Any CPU
		{0F1C80E6-11DB-4814-9F8D-9AA74BA2DE03}.Debug|Any CPU.Build.0 = Debug|Any CPU
		{0F1C80E6-11DB-4814-9F8D-9AA74BA2DE03}.Debug|ARM.ActiveCfg = Debug|Any CPU
		{0F1C80E6-11DB-4814-9F8D-9AA74BA2DE03}.Debug|ARM.Build.0 = Debug|Any CPU
		{0F1C80E6-11DB-4814-9F8D-9AA74BA2DE03}.Debug|iPhone.ActiveCfg = Debug|Any CPU
		{0F1C80E6-11DB-4814-9F8D-9AA74BA2DE03}.Debug|iPhone.Build.0 = Debug|Any CPU
		{0F1C80E6-11DB-4814-9F8D-9AA74BA2DE03}.Debug|iPhoneSimulator.ActiveCfg = Debug|Any CPU
		{0F1C80E6-11DB-4814-9F8D-9AA74BA2DE03}.Debug|iPhoneSimulator.Build.0 = Debug|Any CPU
		{0F1C80E6-11DB-4814-9F8D-9AA74BA2DE03}.Debug|x64.ActiveCfg = Debug|Any CPU
		{0F1C80E6-11DB-4814-9F8D-9AA74BA2DE03}.Debug|x64.Build.0 = Debug|Any CPU
		{0F1C80E6-11DB-4814-9F8D-9AA74BA2DE03}.Debug|x86.ActiveCfg = Debug|Any CPU
		{0F1C80E6-11DB-4814-9F8D-9AA74BA2DE03}.Debug|x86.Build.0 = Debug|Any CPU
		{0F1C80E6-11DB-4814-9F8D-9AA74BA2DE03}.Release|Any CPU.ActiveCfg = Release|Any CPU
		{0F1C80E6-11DB-4814-9F8D-9AA74BA2DE03}.Release|Any CPU.Build.0 = Release|Any CPU
		{0F1C80E6-11DB-4814-9F8D-9AA74BA2DE03}.Release|ARM.ActiveCfg = Release|Any CPU
		{0F1C80E6-11DB-4814-9F8D-9AA74BA2DE03}.Release|ARM.Build.0 = Release|Any CPU
		{0F1C80E6-11DB-4814-9F8D-9AA74BA2DE03}.Release|iPhone.ActiveCfg = Release|Any CPU
		{0F1C80E6-11DB-4814-9F8D-9AA74BA2DE03}.Release|iPhone.Build.0 = Release|Any CPU
		{0F1C80E6-11DB-4814-9F8D-9AA74BA2DE03}.Release|iPhoneSimulator.ActiveCfg = Release|Any CPU
		{0F1C80E6-11DB-4814-9F8D-9AA74BA2DE03}.Release|iPhoneSimulator.Build.0 = Release|Any CPU
		{0F1C80E6-11DB-4814-9F8D-9AA74BA2DE03}.Release|x64.ActiveCfg = Release|Any CPU
		{0F1C80E6-11DB-4814-9F8D-9AA74BA2DE03}.Release|x64.Build.0 = Release|Any CPU
		{0F1C80E6-11DB-4814-9F8D-9AA74BA2DE03}.Release|x86.ActiveCfg = Release|Any CPU
		{0F1C80E6-11DB-4814-9F8D-9AA74BA2DE03}.Release|x86.Build.0 = Release|Any CPU
		{57B7D2FC-93E0-4D4E-8DE6-CA44317A62C8}.Debug|Any CPU.ActiveCfg = Debug|Any CPU
		{57B7D2FC-93E0-4D4E-8DE6-CA44317A62C8}.Debug|Any CPU.Build.0 = Debug|Any CPU
		{57B7D2FC-93E0-4D4E-8DE6-CA44317A62C8}.Debug|Any CPU.Deploy.0 = Debug|Any CPU
		{57B7D2FC-93E0-4D4E-8DE6-CA44317A62C8}.Debug|ARM.ActiveCfg = Debug|Any CPU
		{57B7D2FC-93E0-4D4E-8DE6-CA44317A62C8}.Debug|ARM.Build.0 = Debug|Any CPU
		{57B7D2FC-93E0-4D4E-8DE6-CA44317A62C8}.Debug|ARM.Deploy.0 = Debug|Any CPU
		{57B7D2FC-93E0-4D4E-8DE6-CA44317A62C8}.Debug|iPhone.ActiveCfg = Debug|Any CPU
		{57B7D2FC-93E0-4D4E-8DE6-CA44317A62C8}.Debug|iPhone.Build.0 = Debug|Any CPU
		{57B7D2FC-93E0-4D4E-8DE6-CA44317A62C8}.Debug|iPhone.Deploy.0 = Debug|Any CPU
		{57B7D2FC-93E0-4D4E-8DE6-CA44317A62C8}.Debug|iPhoneSimulator.ActiveCfg = Debug|Any CPU
		{57B7D2FC-93E0-4D4E-8DE6-CA44317A62C8}.Debug|iPhoneSimulator.Build.0 = Debug|Any CPU
		{57B7D2FC-93E0-4D4E-8DE6-CA44317A62C8}.Debug|iPhoneSimulator.Deploy.0 = Debug|Any CPU
		{57B7D2FC-93E0-4D4E-8DE6-CA44317A62C8}.Debug|x64.ActiveCfg = Debug|Any CPU
		{57B7D2FC-93E0-4D4E-8DE6-CA44317A62C8}.Debug|x64.Build.0 = Debug|Any CPU
		{57B7D2FC-93E0-4D4E-8DE6-CA44317A62C8}.Debug|x64.Deploy.0 = Debug|Any CPU
		{57B7D2FC-93E0-4D4E-8DE6-CA44317A62C8}.Debug|x86.ActiveCfg = Debug|Any CPU
		{57B7D2FC-93E0-4D4E-8DE6-CA44317A62C8}.Debug|x86.Build.0 = Debug|Any CPU
		{57B7D2FC-93E0-4D4E-8DE6-CA44317A62C8}.Debug|x86.Deploy.0 = Debug|Any CPU
		{57B7D2FC-93E0-4D4E-8DE6-CA44317A62C8}.Release|Any CPU.ActiveCfg = Release|Any CPU
		{57B7D2FC-93E0-4D4E-8DE6-CA44317A62C8}.Release|Any CPU.Build.0 = Release|Any CPU
		{57B7D2FC-93E0-4D4E-8DE6-CA44317A62C8}.Release|Any CPU.Deploy.0 = Release|Any CPU
		{57B7D2FC-93E0-4D4E-8DE6-CA44317A62C8}.Release|ARM.ActiveCfg = Release|Any CPU
		{57B7D2FC-93E0-4D4E-8DE6-CA44317A62C8}.Release|ARM.Build.0 = Release|Any CPU
		{57B7D2FC-93E0-4D4E-8DE6-CA44317A62C8}.Release|ARM.Deploy.0 = Release|Any CPU
		{57B7D2FC-93E0-4D4E-8DE6-CA44317A62C8}.Release|iPhone.ActiveCfg = Release|Any CPU
		{57B7D2FC-93E0-4D4E-8DE6-CA44317A62C8}.Release|iPhone.Build.0 = Release|Any CPU
		{57B7D2FC-93E0-4D4E-8DE6-CA44317A62C8}.Release|iPhone.Deploy.0 = Release|Any CPU
		{57B7D2FC-93E0-4D4E-8DE6-CA44317A62C8}.Release|iPhoneSimulator.ActiveCfg = Release|Any CPU
		{57B7D2FC-93E0-4D4E-8DE6-CA44317A62C8}.Release|iPhoneSimulator.Build.0 = Release|Any CPU
		{57B7D2FC-93E0-4D4E-8DE6-CA44317A62C8}.Release|iPhoneSimulator.Deploy.0 = Release|Any CPU
		{57B7D2FC-93E0-4D4E-8DE6-CA44317A62C8}.Release|x64.ActiveCfg = Release|Any CPU
		{57B7D2FC-93E0-4D4E-8DE6-CA44317A62C8}.Release|x64.Build.0 = Release|Any CPU
		{57B7D2FC-93E0-4D4E-8DE6-CA44317A62C8}.Release|x64.Deploy.0 = Release|Any CPU
		{57B7D2FC-93E0-4D4E-8DE6-CA44317A62C8}.Release|x86.ActiveCfg = Release|Any CPU
		{57B7D2FC-93E0-4D4E-8DE6-CA44317A62C8}.Release|x86.Build.0 = Release|Any CPU
		{57B7D2FC-93E0-4D4E-8DE6-CA44317A62C8}.Release|x86.Deploy.0 = Release|Any CPU
		{D95B203C-C6A9-4054-84DB-565B4892B0F1}.Debug|Any CPU.ActiveCfg = Debug|iPhoneSimulator
		{D95B203C-C6A9-4054-84DB-565B4892B0F1}.Debug|ARM.ActiveCfg = Debug|iPhoneSimulator
		{D95B203C-C6A9-4054-84DB-565B4892B0F1}.Debug|iPhone.ActiveCfg = Debug|iPhone
		{D95B203C-C6A9-4054-84DB-565B4892B0F1}.Debug|iPhone.Build.0 = Debug|iPhone
		{D95B203C-C6A9-4054-84DB-565B4892B0F1}.Debug|iPhoneSimulator.ActiveCfg = Debug|iPhoneSimulator
		{D95B203C-C6A9-4054-84DB-565B4892B0F1}.Debug|iPhoneSimulator.Build.0 = Debug|iPhoneSimulator
		{D95B203C-C6A9-4054-84DB-565B4892B0F1}.Debug|x64.ActiveCfg = Debug|iPhoneSimulator
		{D95B203C-C6A9-4054-84DB-565B4892B0F1}.Debug|x86.ActiveCfg = Debug|iPhoneSimulator
		{D95B203C-C6A9-4054-84DB-565B4892B0F1}.Release|Any CPU.ActiveCfg = Release|iPhoneSimulator
		{D95B203C-C6A9-4054-84DB-565B4892B0F1}.Release|ARM.ActiveCfg = Release|iPhoneSimulator
		{D95B203C-C6A9-4054-84DB-565B4892B0F1}.Release|iPhone.ActiveCfg = Release|iPhone
		{D95B203C-C6A9-4054-84DB-565B4892B0F1}.Release|iPhone.Build.0 = Release|iPhone
		{D95B203C-C6A9-4054-84DB-565B4892B0F1}.Release|iPhoneSimulator.ActiveCfg = Release|iPhoneSimulator
		{D95B203C-C6A9-4054-84DB-565B4892B0F1}.Release|iPhoneSimulator.Build.0 = Release|iPhoneSimulator
		{D95B203C-C6A9-4054-84DB-565B4892B0F1}.Release|x64.ActiveCfg = Release|iPhoneSimulator
		{D95B203C-C6A9-4054-84DB-565B4892B0F1}.Release|x86.ActiveCfg = Release|iPhoneSimulator
		{B86A1452-C3A0-4AE2-B282-660A35A1029F}.Debug|Any CPU.ActiveCfg = Debug|Any CPU
		{B86A1452-C3A0-4AE2-B282-660A35A1029F}.Debug|Any CPU.Build.0 = Debug|Any CPU
		{B86A1452-C3A0-4AE2-B282-660A35A1029F}.Debug|ARM.ActiveCfg = Debug|Any CPU
		{B86A1452-C3A0-4AE2-B282-660A35A1029F}.Debug|ARM.Build.0 = Debug|Any CPU
		{B86A1452-C3A0-4AE2-B282-660A35A1029F}.Debug|iPhone.ActiveCfg = Debug|Any CPU
		{B86A1452-C3A0-4AE2-B282-660A35A1029F}.Debug|iPhone.Build.0 = Debug|Any CPU
		{B86A1452-C3A0-4AE2-B282-660A35A1029F}.Debug|iPhoneSimulator.ActiveCfg = Debug|Any CPU
		{B86A1452-C3A0-4AE2-B282-660A35A1029F}.Debug|iPhoneSimulator.Build.0 = Debug|Any CPU
		{B86A1452-C3A0-4AE2-B282-660A35A1029F}.Debug|x64.ActiveCfg = Debug|Any CPU
		{B86A1452-C3A0-4AE2-B282-660A35A1029F}.Debug|x64.Build.0 = Debug|Any CPU
		{B86A1452-C3A0-4AE2-B282-660A35A1029F}.Debug|x86.ActiveCfg = Debug|Any CPU
		{B86A1452-C3A0-4AE2-B282-660A35A1029F}.Debug|x86.Build.0 = Debug|Any CPU
		{B86A1452-C3A0-4AE2-B282-660A35A1029F}.Release|Any CPU.ActiveCfg = Release|Any CPU
		{B86A1452-C3A0-4AE2-B282-660A35A1029F}.Release|Any CPU.Build.0 = Release|Any CPU
		{B86A1452-C3A0-4AE2-B282-660A35A1029F}.Release|ARM.ActiveCfg = Release|Any CPU
		{B86A1452-C3A0-4AE2-B282-660A35A1029F}.Release|ARM.Build.0 = Release|Any CPU
		{B86A1452-C3A0-4AE2-B282-660A35A1029F}.Release|iPhone.ActiveCfg = Release|Any CPU
		{B86A1452-C3A0-4AE2-B282-660A35A1029F}.Release|iPhone.Build.0 = Release|Any CPU
		{B86A1452-C3A0-4AE2-B282-660A35A1029F}.Release|iPhoneSimulator.ActiveCfg = Release|Any CPU
		{B86A1452-C3A0-4AE2-B282-660A35A1029F}.Release|iPhoneSimulator.Build.0 = Release|Any CPU
		{B86A1452-C3A0-4AE2-B282-660A35A1029F}.Release|x64.ActiveCfg = Release|Any CPU
		{B86A1452-C3A0-4AE2-B282-660A35A1029F}.Release|x64.Build.0 = Release|Any CPU
		{B86A1452-C3A0-4AE2-B282-660A35A1029F}.Release|x86.ActiveCfg = Release|Any CPU
		{B86A1452-C3A0-4AE2-B282-660A35A1029F}.Release|x86.Build.0 = Release|Any CPU
	EndGlobalSection
	GlobalSection(SolutionProperties) = preSolution
		HideSolutionNode = FALSE
	EndGlobalSection
	GlobalSection(ExtensibilityGlobals) = postSolution
		SolutionGuid = {CC0505FA-F8A5-4440-B774-F1FA94551878}
	EndGlobalSection
EndGlobal
